
Microsoft Visual Studio Solution File, Format Version 12.00
# Visual Studio Version 16
VisualStudioVersion = 16.0.31702.278
MinimumVisualStudioVersion = 10.0.40219.1
Project("{FAE04EC0-301F-11D3-BF4B-00C04F79EFBC}") = "anidado", "anidado\anidado.csproj", "{5E9B0E5C-E842-45CC-8991-B6D5AA299E9B}"
EndProject
Global
	GlobalSection(SolutionConfigurationPlatforms) = preSolution
		Debug|Any CPU = Debug|Any CPU
		Release|Any CPU = Release|Any CPU
	EndGlobalSection
	GlobalSection(ProjectConfigurationPlatforms) = postSolution
		{5E9B0E5C-E842-45CC-8991-B6D5AA299E9B}.Debug|Any CPU.ActiveCfg = Debug|Any CPU
		{5E9B0E5C-E842-45CC-8991-B6D5AA299E9B}.Debug|Any CPU.Build.0 = Debug|Any CPU
		{5E9B0E5C-E842-45CC-8991-B6D5AA299E9B}.Release|Any CPU.ActiveCfg = Release|Any CPU
		{5E9B0E5C-E842-45CC-8991-B6D5AA299E9B}.Release|Any CPU.Build.0 = Release|Any CPU
	EndGlobalSection
	GlobalSection(SolutionProperties) = preSolution
		HideSolutionNode = FALSE
	EndGlobalSection
	GlobalSection(ExtensibilityGlobals) = postSolution
		SolutionGuid = {97244681-B69D-492A-8A36-1B6F4EF8B48D}
	EndGlobalSection
EndGlobal
